
Microsoft Visual Studio Solution File, Format Version 12.00
# Visual Studio 15
VisualStudioVersion = 15.0.28307.136
MinimumVisualStudioVersion = 10.0.40219.1
Project("{FAE04EC0-301F-11D3-BF4B-00C04F79EFBC}") = "PharmaceuticalMS", "PharmaceuticalMS\PharmaceuticalMS.csproj", "{3A243066-321D-496F-B14E-D459E6D605DA}"
EndProject
Project("{FAE04EC0-301F-11D3-BF4B-00C04F79EFBC}") = "DAL", "DAL\DAL.csproj", "{FD7C44AC-ED38-4A7B-AC24-1E948F8502C2}"
EndProject
Project("{FAE04EC0-301F-11D3-BF4B-00C04F79EFBC}") = "BAL", "BAL\BAL.csproj", "{B88ED770-5891-4C3B-B6A1-3BA97727D15D}"
EndProject
Project("{FAE04EC0-301F-11D3-BF4B-00C04F79EFBC}") = "BEL", "BEL\BEL.csproj", "{7C7E7F04-F68E-4B24-BAEE-372EA63ACC98}"
EndProject
Global
	GlobalSection(SolutionConfigurationPlatforms) = preSolution
		Debug|Any CPU = Debug|Any CPU
		Release|Any CPU = Release|Any CPU
	EndGlobalSection
	GlobalSection(ProjectConfigurationPlatforms) = postSolution
		{3A243066-321D-496F-B14E-D459E6D605DA}.Debug|Any CPU.ActiveCfg = Debug|Any CPU
		{3A243066-321D-496F-B14E-D459E6D605DA}.Debug|Any CPU.Build.0 = Debug|Any CPU
		{3A243066-321D-496F-B14E-D459E6D605DA}.Release|Any CPU.ActiveCfg = Release|Any CPU
		{3A243066-321D-496F-B14E-D459E6D605DA}.Release|Any CPU.Build.0 = Release|Any CPU
		{FD7C44AC-ED38-4A7B-AC24-1E948F8502C2}.Debug|Any CPU.ActiveCfg = Debug|Any CPU
		{FD7C44AC-ED38-4A7B-AC24-1E948F8502C2}.Debug|Any CPU.Build.0 = Debug|Any CPU
		{FD7C44AC-ED38-4A7B-AC24-1E948F8502C2}.Release|Any CPU.ActiveCfg = Release|Any CPU
		{FD7C44AC-ED38-4A7B-AC24-1E948F8502C2}.Release|Any CPU.Build.0 = Release|Any CPU
		{B88ED770-5891-4C3B-B6A1-3BA97727D15D}.Debug|Any CPU.ActiveCfg = Debug|Any CPU
		{B88ED770-5891-4C3B-B6A1-3BA97727D15D}.Debug|Any CPU.Build.0 = Debug|Any CPU
		{B88ED770-5891-4C3B-B6A1-3BA97727D15D}.Release|Any CPU.ActiveCfg = Release|Any CPU
		{B88ED770-5891-4C3B-B6A1-3BA97727D15D}.Release|Any CPU.Build.0 = Release|Any CPU
		{7C7E7F04-F68E-4B24-BAEE-372EA63ACC98}.Debug|Any CPU.ActiveCfg = Debug|Any CPU
		{7C7E7F04-F68E-4B24-BAEE-372EA63ACC98}.Debug|Any CPU.Build.0 = Debug|Any CPU
		{7C7E7F04-F68E-4B24-BAEE-372EA63ACC98}.Release|Any CPU.ActiveCfg = Release|Any CPU
		{7C7E7F04-F68E-4B24-BAEE-372EA63ACC98}.Release|Any CPU.Build.0 = Release|Any CPU
	EndGlobalSection
	GlobalSection(SolutionProperties) = preSolution
		HideSolutionNode = FALSE
	EndGlobalSection
	GlobalSection(ExtensibilityGlobals) = postSolution
		SolutionGuid = {4AA394CC-B3DC-4076-9228-9B1170F0B604}
	EndGlobalSection
EndGlobal
